// !$*UTF8*$!
{
	archiveVersion = 1;
	classes = {
	};
	objectVersion = 46;
	objects = {

/* Begin PBXBuildFile section */
		CB81A5D319FF1EFF00935BA4 /* main.cpp in Sources */ = {isa = PBXBuildFile; fileRef = CB81A5D219FF1EFF00935BA4 /* main.cpp */; };
		CBECA7DB1A004E360030E776 /* SDL2_image.framework in Frameworks */ = {isa = PBXBuildFile; fileRef = CBECA7D91A004E360030E776 /* SDL2_image.framework */; };
		CBECA7DC1A004E360030E776 /* SDL2_mixer.framework in Frameworks */ = {isa = PBXBuildFile; fileRef = CBECA7DA1A004E360030E776 /* SDL2_mixer.framework */; };
		F97DCB4519FFBEC7006F17CF /* SDL2_image.framework in Frameworks */ = {isa = PBXBuildFile; fileRef = F97DCB4119FFBEC7006F17CF /* SDL2_image.framework */; };
		F97DCB4619FFBEC7006F17CF /* SDL2_mixer.framework in Frameworks */ = {isa = PBXBuildFile; fileRef = F97DCB4219FFBEC7006F17CF /* SDL2_mixer.framework */; };
		F97DCB4719FFBEC7006F17CF /* SDL2_ttf.framework in Frameworks */ = {isa = PBXBuildFile; fileRef = F97DCB4319FFBEC7006F17CF /* SDL2_ttf.framework */; };
		F97DCB4819FFBEC7006F17CF /* SDL2.framework in Frameworks */ = {isa = PBXBuildFile; fileRef = F97DCB4419FFBEC7006F17CF /* SDL2.framework */; };
/* End PBXBuildFile section */

/* Begin PBXCopyFilesBuildPhase section */
		CB81A5C419FF1E6800935BA4 /* Copy Files */ = {
			isa = PBXCopyFilesBuildPhase;
			buildActionMask = 2147483647;
			dstPath = /usr/share/man/man1/;
			dstSubfolderSpec = 0;
			files = (
			);
			name = "Copy Files";
			runOnlyForDeploymentPostprocessing = 1;
		};
/* End PBXCopyFilesBuildPhase section */

/* Begin PBXFileReference section */
		CB81A5C619FF1E6800935BA4 /* TP_Codename_WORMS_Mac */ = {isa = PBXFileReference; explicitFileType = "compiled.mach-o.executable"; includeInIndex = 0; path = TP_Codename_WORMS_Mac; sourceTree = BUILT_PRODUCTS_DIR; };
		CB81A5D219FF1EFF00935BA4 /* main.cpp */ = {isa = PBXFileReference; fileEncoding = 4; lastKnownFileType = sourcecode.cpp.cpp; name = main.cpp; path = TP_Codename_WORMS/main.cpp; sourceTree = SOURCE_ROOT; };
		CB81A5DF19FF230600935BA4 /* CTimer.h */ = {isa = PBXFileReference; fileEncoding = 4; lastKnownFileType = sourcecode.c.h; name = CTimer.h; path = TP_Codename_WORMS/CTimer.h; sourceTree = SOURCE_ROOT; };
		CB81A5E019FF230600935BA4 /* CWindow.h */ = {isa = PBXFileReference; fileEncoding = 4; lastKnownFileType = sourcecode.c.h; name = CWindow.h; path = TP_Codename_WORMS/CWindow.h; sourceTree = SOURCE_ROOT; };
		CBC529791A268A76000C4FA6 /* SpriteSheetFinal.png */ = {isa = PBXFileReference; lastKnownFileType = image.png; name = SpriteSheetFinal.png; path = Debug/Ressources/SpriteSheetFinal.png; sourceTree = SOURCE_ROOT; };
		CBECA7D91A004E360030E776 /* SDL2_image.framework */ = {isa = PBXFileReference; lastKnownFileType = wrapper.framework; name = SDL2_image.framework; path = ../../Library/Frameworks/SDL2_image.framework; sourceTree = "<group>"; };
		CBECA7DA1A004E360030E776 /* SDL2_mixer.framework */ = {isa = PBXFileReference; lastKnownFileType = wrapper.framework; name = SDL2_mixer.framework; path = ../../Library/Frameworks/SDL2_mixer.framework; sourceTree = "<group>"; };
		F91E82F21A1BD50D0060A222 /* CBoussole.h */ = {isa = PBXFileReference; fileEncoding = 4; lastKnownFileType = sourcecode.c.h; name = CBoussole.h; path = TP_Codename_WORMS/CBoussole.h; sourceTree = SOURCE_ROOT; };
		F93E3BEB1A25013400015363 /* CPosition.h */ = {isa = PBXFileReference; fileEncoding = 4; lastKnownFileType = sourcecode.c.h; name = CPosition.h; path = TP_Codename_WORMS/CPosition.h; sourceTree = SOURCE_ROOT; };
		F93E3BEC1A260B3F00015363 /* CBazouka.h */ = {isa = PBXFileReference; fileEncoding = 4; lastKnownFileType = sourcecode.c.h; name = CBazouka.h; path = TP_Codename_WORMS/CBazouka.h; sourceTree = SOURCE_ROOT; };
		F93E3BED1A260B3F00015363 /* CJetPack.h */ = {isa = PBXFileReference; fileEncoding = 4; lastKnownFileType = sourcecode.c.h; name = CJetPack.h; path = TP_Codename_WORMS/CJetPack.h; sourceTree = SOURCE_ROOT; };
		F93E3BEE1A260B3F00015363 /* CPowerBar.h */ = {isa = PBXFileReference; fileEncoding = 4; lastKnownFileType = sourcecode.c.h; name = CPowerBar.h; path = TP_Codename_WORMS/CPowerBar.h; sourceTree = SOURCE_ROOT; };
		F943750F1A1E95550067D9DC /* CPhysic.h */ = {isa = PBXFileReference; fileEncoding = 4; lastKnownFileType = sourcecode.c.h; name = CPhysic.h; path = TP_Codename_WORMS/CPhysic.h; sourceTree = SOURCE_ROOT; };
		F94375101A1E95550067D9DC /* CTrajectory.h */ = {isa = PBXFileReference; fileEncoding = 4; lastKnownFileType = sourcecode.c.h; name = CTrajectory.h; path = TP_Codename_WORMS/CTrajectory.h; sourceTree = SOURCE_ROOT; };
		F9455D501A1072D60036C9AC /* CSlideShow.h */ = {isa = PBXFileReference; fileEncoding = 4; lastKnownFileType = sourcecode.c.h; name = CSlideShow.h; path = TP_Codename_WORMS/CSlideShow.h; sourceTree = SOURCE_ROOT; };
		F96CFAEA1A0001EB00A114A9 /* CGUIE.h */ = {isa = PBXFileReference; fileEncoding = 4; lastKnownFileType = sourcecode.c.h; name = CGUIE.h; path = TP_Codename_WORMS/CGUIE.h; sourceTree = SOURCE_ROOT; };
		F97DCB4119FFBEC7006F17CF /* SDL2_image.framework */ = {isa = PBXFileReference; lastKnownFileType = wrapper.framework; name = SDL2_image.framework; path = ../../../../../Library/Frameworks/SDL2_image.framework; sourceTree = "<group>"; };
		F97DCB4219FFBEC7006F17CF /* SDL2_mixer.framework */ = {isa = PBXFileReference; lastKnownFileType = wrapper.framework; name = SDL2_mixer.framework; path = ../../../../../Library/Frameworks/SDL2_mixer.framework; sourceTree = "<group>"; };
		F97DCB4319FFBEC7006F17CF /* SDL2_ttf.framework */ = {isa = PBXFileReference; lastKnownFileType = wrapper.framework; name = SDL2_ttf.framework; path = ../../../../../Library/Frameworks/SDL2_ttf.framework; sourceTree = "<group>"; };
		F97DCB4419FFBEC7006F17CF /* SDL2.framework */ = {isa = PBXFileReference; lastKnownFileType = wrapper.framework; name = SDL2.framework; path = ../../../../../Library/Frameworks/SDL2.framework; sourceTree = "<group>"; };
		F98148681A27D76100C4161A /* C2DVector.h */ = {isa = PBXFileReference; fileEncoding = 4; lastKnownFileType = sourcecode.c.h; name = C2DVector.h; path = TP_Codename_WORMS/C2DVector.h; sourceTree = SOURCE_ROOT; };
		F985BB411A0BFB3600FFAB23 /* CFont.h */ = {isa = PBXFileReference; fileEncoding = 4; lastKnownFileType = sourcecode.c.h; name = CFont.h; path = TP_Codename_WORMS/CFont.h; sourceTree = SOURCE_ROOT; };
		F985BB421A0BFB3600FFAB23 /* ClabelImage.h */ = {isa = PBXFileReference; fileEncoding = 4; lastKnownFileType = sourcecode.c.h; name = ClabelImage.h; path = TP_Codename_WORMS/ClabelImage.h; sourceTree = SOURCE_ROOT; };
		F985BB431A0BFB3600FFAB23 /* CMusic.h */ = {isa = PBXFileReference; fileEncoding = 4; lastKnownFileType = sourcecode.c.h; name = CMusic.h; path = TP_Codename_WORMS/CMusic.h; sourceTree = SOURCE_ROOT; };
		F985BB441A0BFB3600FFAB23 /* CSprite.h */ = {isa = PBXFileReference; fileEncoding = 4; lastKnownFileType = sourcecode.c.h; name = CSprite.h; path = TP_Codename_WORMS/CSprite.h; sourceTree = SOURCE_ROOT; };
		F985BB451A0BFB3600FFAB23 /* CWorms.h */ = {isa = PBXFileReference; fileEncoding = 4; lastKnownFileType = sourcecode.c.h; name = CWorms.h; path = TP_Codename_WORMS/CWorms.h; sourceTree = SOURCE_ROOT; };
		F985BB461A0C045900FFAB23 /* CSurface.h */ = {isa = PBXFileReference; fileEncoding = 4; lastKnownFileType = sourcecode.c.h; name = CSurface.h; path = TP_Codename_WORMS/CSurface.h; sourceTree = SOURCE_ROOT; };
		F985BB471A0C045900FFAB23 /* CTexture.h */ = {isa = PBXFileReference; fileEncoding = 4; lastKnownFileType = sourcecode.c.h; name = CTexture.h; path = TP_Codename_WORMS/CTexture.h; sourceTree = SOURCE_ROOT; };
		F9C1D2C41A12816E00AF2F13 /* CMap.h */ = {isa = PBXFileReference; fileEncoding = 4; lastKnownFileType = sourcecode.c.h; name = CMap.h; path = TP_Codename_WORMS/CMap.h; sourceTree = SOURCE_ROOT; };
		F9C1D2C51A12816E00AF2F13 /* CTeam.h */ = {isa = PBXFileReference; fileEncoding = 4; lastKnownFileType = sourcecode.c.h; name = CTeam.h; path = TP_Codename_WORMS/CTeam.h; sourceTree = SOURCE_ROOT; };
		F9C1D2C61A12816E00AF2F13 /* CWorm.h */ = {isa = PBXFileReference; fileEncoding = 4; lastKnownFileType = sourcecode.c.h; name = CWorm.h; path = TP_Codename_WORMS/CWorm.h; sourceTree = SOURCE_ROOT; };
		F9C1D2C71A12901C00AF2F13 /* CCaisses.h */ = {isa = PBXFileReference; fileEncoding = 4; lastKnownFileType = sourcecode.c.h; name = CCaisses.h; path = TP_Codename_WORMS/CCaisses.h; sourceTree = SOURCE_ROOT; };
		F9C1D2C81A12901C00AF2F13 /* CCaisseSoin.h */ = {isa = PBXFileReference; fileEncoding = 4; lastKnownFileType = sourcecode.c.h; name = CCaisseSoin.h; path = TP_Codename_WORMS/CCaisseSoin.h; sourceTree = SOURCE_ROOT; };
		F9C1D2C91A12901C00AF2F13 /* CEntity.h */ = {isa = PBXFileReference; fileEncoding = 4; lastKnownFileType = sourcecode.c.h; name = CEntity.h; path = TP_Codename_WORMS/CEntity.h; sourceTree = SOURCE_ROOT; };
		F9C1D2CA1A12901C00AF2F13 /* CGrenades.h */ = {isa = PBXFileReference; fileEncoding = 4; lastKnownFileType = sourcecode.c.h; name = CGrenades.h; path = TP_Codename_WORMS/CGrenades.h; sourceTree = SOURCE_ROOT; };
		F9C1D2CB1A12901C00AF2F13 /* CMines.h */ = {isa = PBXFileReference; fileEncoding = 4; lastKnownFileType = sourcecode.c.h; name = CMines.h; path = TP_Codename_WORMS/CMines.h; sourceTree = SOURCE_ROOT; };
		F9C1D2CC1A12901C00AF2F13 /* CMissiles.h */ = {isa = PBXFileReference; fileEncoding = 4; lastKnownFileType = sourcecode.c.h; name = CMissiles.h; path = TP_Codename_WORMS/CMissiles.h; sourceTree = SOURCE_ROOT; };
		F9C1D2CD1A12901C00AF2F13 /* CObjets.h */ = {isa = PBXFileReference; fileEncoding = 4; lastKnownFileType = sourcecode.c.h; name = CObjets.h; path = TP_Codename_WORMS/CObjets.h; sourceTree = SOURCE_ROOT; };
		F9EB8F2A1A1685FC00B210DD /* CExplosion.h */ = {isa = PBXFileReference; fileEncoding = 4; lastKnownFileType = sourcecode.c.h; name = CExplosion.h; path = TP_Codename_WORMS/CExplosion.h; sourceTree = SOURCE_ROOT; };
		F9EB8F2B1A1685FC00B210DD /* CGame.h */ = {isa = PBXFileReference; fileEncoding = 4; lastKnownFileType = sourcecode.c.h; name = CGame.h; path = TP_Codename_WORMS/CGame.h; sourceTree = SOURCE_ROOT; };
		F9EB8F2C1A16889E00B210DD /* SavedData.dat */ = {isa = PBXFileReference; fileEncoding = 4; lastKnownFileType = text; name = SavedData.dat; path = Debug/Ressources/SavedData.dat; sourceTree = SOURCE_ROOT; };
		F9F404731A000D4B0020554C /* CButton.h */ = {isa = PBXFileReference; fileEncoding = 4; lastKnownFileType = sourcecode.c.h; name = CButton.h; path = TP_Codename_WORMS/CButton.h; sourceTree = SOURCE_ROOT; };
		F9F404741A000D4B0020554C /* CLabel.h */ = {isa = PBXFileReference; fileEncoding = 4; lastKnownFileType = sourcecode.c.h; name = CLabel.h; path = TP_Codename_WORMS/CLabel.h; sourceTree = SOURCE_ROOT; };
		F9F404751A000D4B0020554C /* CListeDC.h */ = {isa = PBXFileReference; fileEncoding = 4; lastKnownFileType = sourcecode.c.h; name = CListeDC.h; path = TP_Codename_WORMS/CListeDC.h; sourceTree = SOURCE_ROOT; };
		F9F404761A000D4B0020554C /* CMenu.h */ = {isa = PBXFileReference; fileEncoding = 4; lastKnownFileType = sourcecode.c.h; name = CMenu.h; path = TP_Codename_WORMS/CMenu.h; sourceTree = SOURCE_ROOT; };
		F9F404781A000F560020554C /* CTextBox.h */ = {isa = PBXFileReference; fileEncoding = 4; lastKnownFileType = sourcecode.c.h; name = CTextBox.h; path = TP_Codename_WORMS/CTextBox.h; sourceTree = SOURCE_ROOT; };
		F9FA55FC19FFFFEC004CFAC6 /* CRessource.h */ = {isa = PBXFileReference; fileEncoding = 4; lastKnownFileType = sourcecode.c.h; name = CRessource.h; path = TP_Codename_WORMS/CRessource.h; sourceTree = SOURCE_ROOT; };
		F9FB50411A0920B800E0FD34 /* CGestionnaireRessources.h */ = {isa = PBXFileReference; fileEncoding = 4; lastKnownFileType = sourcecode.c.h; name = CGestionnaireRessources.h; path = TP_Codename_WORMS/CGestionnaireRessources.h; sourceTree = SOURCE_ROOT; };
/* End PBXFileReference section */

/* Begin PBXFrameworksBuildPhase section */
		CB81A5C319FF1E6800935BA4 /* Frameworks */ = {
			isa = PBXFrameworksBuildPhase;
			buildActionMask = 2147483647;
			files = (
				CBECA7DB1A004E360030E776 /* SDL2_image.framework in Frameworks */,
				CBECA7DC1A004E360030E776 /* SDL2_mixer.framework in Frameworks */,
				F97DCB4519FFBEC7006F17CF /* SDL2_image.framework in Frameworks */,
				F97DCB4619FFBEC7006F17CF /* SDL2_mixer.framework in Frameworks */,
				F97DCB4719FFBEC7006F17CF /* SDL2_ttf.framework in Frameworks */,
				F97DCB4819FFBEC7006F17CF /* SDL2.framework in Frameworks */,
			);
			runOnlyForDeploymentPostprocessing = 0;
		};
/* End PBXFrameworksBuildPhase section */

/* Begin PBXGroup section */
		CB81A5BD19FF1E6800935BA4 = {
			isa = PBXGroup;
			children = (
				CBECA7D91A004E360030E776 /* SDL2_image.framework */,
				F97DCB4119FFBEC7006F17CF /* SDL2_image.framework */,
				CBECA7DA1A004E360030E776 /* SDL2_mixer.framework */,
				F97DCB4219FFBEC7006F17CF /* SDL2_mixer.framework */,
				F97DCB4319FFBEC7006F17CF /* SDL2_ttf.framework */,
				F97DCB4419FFBEC7006F17CF /* SDL2.framework */,
				CB81A5C819FF1E6800935BA4 /* TP_Codename_WORMS_Mac */,
				CB81A5C719FF1E6800935BA4 /* Products */,
			);
			sourceTree = "<group>";
		};
		CB81A5C719FF1E6800935BA4 /* Products */ = {
			isa = PBXGroup;
			children = (
				CB81A5C619FF1E6800935BA4 /* TP_Codename_WORMS_Mac */,
			);
			name = Products;
			sourceTree = "<group>";
		};
		CB81A5C819FF1E6800935BA4 /* TP_Codename_WORMS_Mac */ = {
			isa = PBXGroup;
			children = (
				F98148681A27D76100C4161A /* C2DVector.h */,
				CBC529791A268A76000C4FA6 /* SpriteSheetFinal.png */,
				F93E3BEC1A260B3F00015363 /* CBazouka.h */,
				F93E3BED1A260B3F00015363 /* CJetPack.h */,
				F93E3BEE1A260B3F00015363 /* CPowerBar.h */,
				F93E3BEB1A25013400015363 /* CPosition.h */,
				F943750F1A1E95550067D9DC /* CPhysic.h */,
				F94375101A1E95550067D9DC /* CTrajectory.h */,
				F91E82F21A1BD50D0060A222 /* CBoussole.h */,
				F9EB8F2C1A16889E00B210DD /* SavedData.dat */,
				F9EB8F2A1A1685FC00B210DD /* CExplosion.h */,
				F9EB8F2B1A1685FC00B210DD /* CGame.h */,
				F9C1D2C71A12901C00AF2F13 /* CCaisses.h */,
				F9C1D2C81A12901C00AF2F13 /* CCaisseSoin.h */,
				F9C1D2C91A12901C00AF2F13 /* CEntity.h */,
				F9C1D2CA1A12901C00AF2F13 /* CGrenades.h */,
				F9C1D2CB1A12901C00AF2F13 /* CMines.h */,
				F9C1D2CC1A12901C00AF2F13 /* CMissiles.h */,
				F9C1D2CD1A12901C00AF2F13 /* CObjets.h */,
				F9C1D2C41A12816E00AF2F13 /* CMap.h */,
				F9C1D2C51A12816E00AF2F13 /* CTeam.h */,
				F9C1D2C61A12816E00AF2F13 /* CWorm.h */,
				F9455D501A1072D60036C9AC /* CSlideShow.h */,
				F985BB461A0C045900FFAB23 /* CSurface.h */,
				F985BB471A0C045900FFAB23 /* CTexture.h */,
				F985BB411A0BFB3600FFAB23 /* CFont.h */,
				F985BB421A0BFB3600FFAB23 /* ClabelImage.h */,
				F985BB431A0BFB3600FFAB23 /* CMusic.h */,
				F985BB441A0BFB3600FFAB23 /* CSprite.h */,
				F9FB50411A0920B800E0FD34 /* CGestionnaireRessources.h */,
				F9F404781A000F560020554C /* CTextBox.h */,
				F9F404731A000D4B0020554C /* CButton.h */,
				F9F404741A000D4B0020554C /* CLabel.h */,
				F9F404751A000D4B0020554C /* CListeDC.h */,
				F9F404761A000D4B0020554C /* CMenu.h */,
				CB81A5E019FF230600935BA4 /* CWindow.h */,
				CB81A5DF19FF230600935BA4 /* CTimer.h */,
				F9FA55FC19FFFFEC004CFAC6 /* CRessource.h */,
				F96CFAEA1A0001EB00A114A9 /* CGUIE.h */,
				F985BB451A0BFB3600FFAB23 /* CWorms.h */,
				CB81A5D219FF1EFF00935BA4 /* main.cpp */,
			);
			path = TP_Codename_WORMS_Mac;
			sourceTree = "<group>";
		};
/* End PBXGroup section */

/* Begin PBXNativeTarget section */
		CB81A5C519FF1E6800935BA4 /* TP_Codename_WORMS_Mac */ = {
			isa = PBXNativeTarget;
			buildConfigurationList = CB81A5CD19FF1E6800935BA4 /* Build configuration list for PBXNativeTarget "TP_Codename_WORMS_Mac" */;
			buildPhases = (
				CB81A5C219FF1E6800935BA4 /* Sources */,
				CB81A5C319FF1E6800935BA4 /* Frameworks */,
				CB81A5C419FF1E6800935BA4 /* Copy Files */,
			);
			buildRules = (
			);
			dependencies = (
			);
			name = TP_Codename_WORMS_Mac;
			productName = TP_Codename_WORMS_Mac;
			productReference = CB81A5C619FF1E6800935BA4 /* TP_Codename_WORMS_Mac */;
			productType = "com.apple.product-type.tool";
		};
/* End PBXNativeTarget section */

/* Begin PBXProject section */
		CB81A5BE19FF1E6800935BA4 /* Project object */ = {
			isa = PBXProject;
			attributes = {
				LastUpgradeCheck = 0610;
				ORGANIZATIONNAME = "Richer Archambault";
				TargetAttributes = {
					CB81A5C519FF1E6800935BA4 = {
						CreatedOnToolsVersion = 6.1;
					};
				};
			};
			buildConfigurationList = CB81A5C119FF1E6800935BA4 /* Build configuration list for PBXProject "TP_Codename_WORMS_Mac" */;
			compatibilityVersion = "Xcode 3.2";
			developmentRegion = English;
			hasScannedForEncodings = 0;
			knownRegions = (
				en,
			);
			mainGroup = CB81A5BD19FF1E6800935BA4;
			productRefGroup = CB81A5C719FF1E6800935BA4 /* Products */;
			projectDirPath = "";
			projectRoot = "";
			targets = (
				CB81A5C519FF1E6800935BA4 /* TP_Codename_WORMS_Mac */,
			);
		};
/* End PBXProject section */

/* Begin PBXSourcesBuildPhase section */
		CB81A5C219FF1E6800935BA4 /* Sources */ = {
			isa = PBXSourcesBuildPhase;
			buildActionMask = 2147483647;
			files = (
				CB81A5D319FF1EFF00935BA4 /* main.cpp in Sources */,
			);
			runOnlyForDeploymentPostprocessing = 0;
		};
/* End PBXSourcesBuildPhase section */

/* Begin XCBuildConfiguration section */
		CB81A5CB19FF1E6800935BA4 /* Debug */ = {
			isa = XCBuildConfiguration;
			buildSettings = {
				ALWAYS_SEARCH_USER_PATHS = NO;
				CLANG_CXX_LANGUAGE_STANDARD = "gnu++0x";
				CLANG_CXX_LIBRARY = "libc++";
				CLANG_ENABLE_MODULES = YES;
				CLANG_ENABLE_OBJC_ARC = YES;
				CLANG_WARN_BOOL_CONVERSION = YES;
				CLANG_WARN_CONSTANT_CONVERSION = YES;
				CLANG_WARN_DIRECT_OBJC_ISA_USAGE = YES_ERROR;
				CLANG_WARN_EMPTY_BODY = YES;
				CLANG_WARN_ENUM_CONVERSION = YES;
				CLANG_WARN_INT_CONVERSION = YES;
				CLANG_WARN_OBJC_ROOT_CLASS = YES_ERROR;
				CLANG_WARN_UNREACHABLE_CODE = YES;
				CLANG_WARN__DUPLICATE_METHOD_MATCH = YES;
				COPY_PHASE_STRIP = NO;
				ENABLE_STRICT_OBJC_MSGSEND = YES;
				GCC_C_LANGUAGE_STANDARD = gnu99;
				GCC_DYNAMIC_NO_PIC = NO;
				GCC_OPTIMIZATION_LEVEL = 0;
				GCC_PREPROCESSOR_DEFINITIONS = (
					"DEBUG=1",
					"$(inherited)",
				);
				GCC_SYMBOLS_PRIVATE_EXTERN = NO;
				GCC_WARN_64_TO_32_BIT_CONVERSION = YES;
				GCC_WARN_ABOUT_RETURN_TYPE = YES_ERROR;
				GCC_WARN_UNDECLARED_SELECTOR = YES;
				GCC_WARN_UNINITIALIZED_AUTOS = YES_AGGRESSIVE;
				GCC_WARN_UNUSED_FUNCTION = YES;
				GCC_WARN_UNUSED_VARIABLE = YES;
				MACOSX_DEPLOYMENT_TARGET = 10.10;
				MTL_ENABLE_DEBUG_INFO = YES;
				ONLY_ACTIVE_ARCH = YES;
				SDKROOT = macosx;
			};
			name = Debug;
		};
		CB81A5CC19FF1E6800935BA4 /* Release */ = {
			isa = XCBuildConfiguration;
			buildSettings = {
				ALWAYS_SEARCH_USER_PATHS = NO;
				CLANG_CXX_LANGUAGE_STANDARD = "gnu++0x";
				CLANG_CXX_LIBRARY = "libc++";
				CLANG_ENABLE_MODULES = YES;
				CLANG_ENABLE_OBJC_ARC = YES;
				CLANG_WARN_BOOL_CONVERSION = YES;
				CLANG_WARN_CONSTANT_CONVERSION = YES;
				CLANG_WARN_DIRECT_OBJC_ISA_USAGE = YES_ERROR;
				CLANG_WARN_EMPTY_BODY = YES;
				CLANG_WARN_ENUM_CONVERSION = YES;
				CLANG_WARN_INT_CONVERSION = YES;
				CLANG_WARN_OBJC_ROOT_CLASS = YES_ERROR;
				CLANG_WARN_UNREACHABLE_CODE = YES;
				CLANG_WARN__DUPLICATE_METHOD_MATCH = YES;
				COPY_PHASE_STRIP = YES;
				DEBUG_INFORMATION_FORMAT = "dwarf-with-dsym";
				ENABLE_NS_ASSERTIONS = NO;
				ENABLE_STRICT_OBJC_MSGSEND = YES;
				GCC_C_LANGUAGE_STANDARD = gnu99;
				GCC_WARN_64_TO_32_BIT_CONVERSION = YES;
				GCC_WARN_ABOUT_RETURN_TYPE = YES_ERROR;
				GCC_WARN_UNDECLARED_SELECTOR = YES;
				GCC_WARN_UNINITIALIZED_AUTOS = YES_AGGRESSIVE;
				GCC_WARN_UNUSED_FUNCTION = YES;
				GCC_WARN_UNUSED_VARIABLE = YES;
				MACOSX_DEPLOYMENT_TARGET = 10.10;
				MTL_ENABLE_DEBUG_INFO = NO;
				SDKROOT = macosx;
			};
			name = Release;
		};
		CB81A5CE19FF1E6800935BA4 /* Debug */ = {
			isa = XCBuildConfiguration;
			buildSettings = {
				FRAMEWORK_SEARCH_PATHS = (
					"$(inherited)",
					"$(USER_LIBRARY_DIR)/Frameworks",
					"$(LOCAL_LIBRARY_DIR)/Frameworks",
				);
				PRODUCT_NAME = "$(TARGET_NAME)";
			};
			name = Debug;
		};
		CB81A5CF19FF1E6800935BA4 /* Release */ = {
			isa = XCBuildConfiguration;
			buildSettings = {
				FRAMEWORK_SEARCH_PATHS = (
					"$(inherited)",
					"$(USER_LIBRARY_DIR)/Frameworks",
					"$(LOCAL_LIBRARY_DIR)/Frameworks",
				);
				PRODUCT_NAME = "$(TARGET_NAME)";
			};
			name = Release;
		};
/* End XCBuildConfiguration section */

/* Begin XCConfigurationList section */
		CB81A5C119FF1E6800935BA4 /* Build configuration list for PBXProject "TP_Codename_WORMS_Mac" */ = {
			isa = XCConfigurationList;
			buildConfigurations = (
				CB81A5CB19FF1E6800935BA4 /* Debug */,
				CB81A5CC19FF1E6800935BA4 /* Release */,
			);
			defaultConfigurationIsVisible = 0;
			defaultConfigurationName = Release;
		};
		CB81A5CD19FF1E6800935BA4 /* Build configuration list for PBXNativeTarget "TP_Codename_WORMS_Mac" */ = {
			isa = XCConfigurationList;
			buildConfigurations = (
				CB81A5CE19FF1E6800935BA4 /* Debug */,
				CB81A5CF19FF1E6800935BA4 /* Release */,
			);
			defaultConfigurationIsVisible = 0;
			defaultConfigurationName = Release;
		};
/* End XCConfigurationList section */
	};
	rootObject = CB81A5BE19FF1E6800935BA4 /* Project object */;
}
