// !$*UTF8*$!
{
	archiveVersion = 1;
	classes = {
	};
	objectVersion = 46;
	objects = {

/* Begin PBXBuildFile section */
		CB81A5D319FF1EFF00935BA4 /* main.cpp in Sources */ = {isa = PBXBuildFile; fileRef = CB81A5D219FF1EFF00935BA4 /* main.cpp */; };
		CBECA7DB1A004E360030E776 /* SDL2_image.framework in Frameworks */ = {isa = PBXBuildFile; fileRef = CBECA7D91A004E360030E776 /* SDL2_image.framework */; };
		CBECA7DC1A004E360030E776 /* SDL2_mixer.framework in Frameworks */ = {isa = PBXBuildFile; fileRef = CBECA7DA1A004E360030E776 /* SDL2_mixer.framework */; };
		F97DCB4519FFBEC7006F17CF /* SDL2_image.framework in Frameworks */ = {isa = PBXBuildFile; fileRef = F97DCB4119FFBEC7006F17CF /* SDL2_image.framework */; };
		F97DCB4619FFBEC7006F17CF /* SDL2_mixer.framework in Frameworks */ = {isa = PBXBuildFile; fileRef = F97DCB4219FFBEC7006F17CF /* SDL2_mixer.framework */; };
		F97DCB4719FFBEC7006F17CF /* SDL2_ttf.framework in Frameworks */ = {isa = PBXBuildFile; fileRef = F97DCB4319FFBEC7006F17CF /* SDL2_ttf.framework */; };
		F97DCB4819FFBEC7006F17CF /* SDL2.framework in Frameworks */ = {isa = PBXBuildFile; fileRef = F97DCB4419FFBEC7006F17CF /* SDL2.framework */; };
/* End PBXBuildFile section */

/* Begin PBXCopyFilesBuildPhase section */
		CB81A5C419FF1E6800935BA4 /* Copy Files */ = {
			isa = PBXCopyFilesBuildPhase;
			buildActionMask = 2147483647;
			dstPath = /usr/share/man/man1/;
			dstSubfolderSpec = 0;
			files = (
			);
			name = "Copy Files";
			runOnlyForDeploymentPostprocessing = 1;
		};
/* End PBXCopyFilesBuildPhase section */

/* Begin PBXFileReference section */
		CB81A5C619FF1E6800935BA4 /* TP_Codename_WORMS_Mac */ = {isa = PBXFileReference; explicitFileType = "compiled.mach-o.executable"; includeInIndex = 0; path = TP_Codename_WORMS_Mac; sourceTree = BUILT_PRODUCTS_DIR; };
		CB81A5D219FF1EFF00935BA4 /* main.cpp */ = {isa = PBXFileReference; fileEncoding = 4; lastKnownFileType = sourcecode.cpp.cpp; name = main.cpp; path = TP_Codename_WORMS/main.cpp; sourceTree = SOURCE_ROOT; };
		CB81A5DF19FF230600935BA4 /* CTimer.h */ = {isa = PBXFileReference; fileEncoding = 4; lastKnownFileType = sourcecode.c.h; name = CTimer.h; path = TP_Codename_WORMS/CTimer.h; sourceTree = SOURCE_ROOT; };
		CB81A5E019FF230600935BA4 /* CWindow.h */ = {isa = PBXFileReference; fileEncoding = 4; lastKnownFileType = sourcecode.c.h; name = CWindow.h; path = TP_Codename_WORMS/CWindow.h; sourceTree = SOURCE_ROOT; };
		CBECA7D91A004E360030E776 /* SDL2_image.framework */ = {isa = PBXFileReference; lastKnownFileType = wrapper.framework; name = SDL2_image.framework; path = ../../Library/Frameworks/SDL2_image.framework; sourceTree = "<group>"; };
		CBECA7DA1A004E360030E776 /* SDL2_mixer.framework */ = {isa = PBXFileReference; lastKnownFileType = wrapper.framework; name = SDL2_mixer.framework; path = ../../Library/Frameworks/SDL2_mixer.framework; sourceTree = "<group>"; };
		F9455D501A1072D60036C9AC /* CSlideShow.h */ = {isa = PBXFileReference; fileEncoding = 4; lastKnownFileType = sourcecode.c.h; name = CSlideShow.h; path = TP_Codename_WORMS/CSlideShow.h; sourceTree = SOURCE_ROOT; };
		F96CFAEA1A0001EB00A114A9 /* CGUIE.h */ = {isa = PBXFileReference; fileEncoding = 4; lastKnownFileType = sourcecode.c.h; name = CGUIE.h; path = TP_Codename_WORMS/CGUIE.h; sourceTree = SOURCE_ROOT; };
		F97DCB4119FFBEC7006F17CF /* SDL2_image.framework */ = {isa = PBXFileReference; lastKnownFileType = wrapper.framework; name = SDL2_image.framework; path = ../../../../../Library/Frameworks/SDL2_image.framework; sourceTree = "<group>"; };
		F97DCB4219FFBEC7006F17CF /* SDL2_mixer.framework */ = {isa = PBXFileReference; lastKnownFileType = wrapper.framework; name = SDL2_mixer.framework; path = ../../../../../Library/Frameworks/SDL2_mixer.framework; sourceTree = "<group>"; };
		F97DCB4319FFBEC7006F17CF /* SDL2_ttf.framework */ = {isa = PBXFileReference; lastKnownFileType = wrapper.framework; name = SDL2_ttf.framework; path = ../../../../../Library/Frameworks/SDL2_ttf.framework; sourceTree = "<group>"; };
		F97DCB4419FFBEC7006F17CF /* SDL2.framework */ = {isa = PBXFileReference; lastKnownFileType = wrapper.framework; name = SDL2.framework; path = ../../../../../Library/Frameworks/SDL2.framework; sourceTree = "<group>"; };
		F985BB411A0BFB3600FFAB23 /* CFont.h */ = {isa = PBXFileReference; fileEncoding = 4; lastKnownFileType = sourcecode.c.h; name = CFont.h; path = TP_Codename_WORMS/CFont.h; sourceTree = SOURCE_ROOT; };
		F985BB421A0BFB3600FFAB23 /* ClabelImage.h */ = {isa = PBXFileReference; fileEncoding = 4; lastKnownFileType = sourcecode.c.h; name = ClabelImage.h; path = TP_Codename_WORMS/ClabelImage.h; sourceTree = SOURCE_ROOT; };
		F985BB431A0BFB3600FFAB23 /* CMusic.h */ = {isa = PBXFileReference; fileEncoding = 4; lastKnownFileType = sourcecode.c.h; name = CMusic.h; path = TP_Codename_WORMS/CMusic.h; sourceTree = SOURCE_ROOT; };
		F985BB441A0BFB3600FFAB23 /* CSprite.h */ = {isa = PBXFileReference; fileEncoding = 4; lastKnownFileType = sourcecode.c.h; name = CSprite.h; path = TP_Codename_WORMS/CSprite.h; sourceTree = SOURCE_ROOT; };
		F985BB451A0BFB3600FFAB23 /* CWorms.h */ = {isa = PBXFileReference; fileEncoding = 4; lastKnownFileType = sourcecode.c.h; name = CWorms.h; path = TP_Codename_WORMS/CWorms.h; sourceTree = SOURCE_ROOT; };
		F985BB461A0C045900FFAB23 /* CSurface.h */ = {isa = PBXFileReference; fileEncoding = 4; lastKnownFileType = sourcecode.c.h; name = CSurface.h; path = TP_Codename_WORMS/CSurface.h; sourceTree = SOURCE_ROOT; };
		F985BB471A0C045900FFAB23 /* CTexture.h */ = {isa = PBXFileReference; fileEncoding = 4; lastKnownFileType = sourcecode.c.h; name = CTexture.h; path = TP_Codename_WORMS/CTexture.h; sourceTree = SOURCE_ROOT; };
		F985BB711A0C162300FFAB23 /* background.jpg */ = {isa = PBXFileReference; lastKnownFileType = image.jpeg; path = background.jpg; sourceTree = "<group>"; };
		F985BB721A0C162300FFAB23 /* map.png */ = {isa = PBXFileReference; lastKnownFileType = image.png; path = map.png; sourceTree = "<group>"; };
		F985BB731A0C162300FFAB23 /* Archeologicaps.ttf */ = {isa = PBXFileReference; lastKnownFileType = file; path = Archeologicaps.ttf; sourceTree = "<group>"; };
		F985BB741A0C162300FFAB23 /* Btn1.png */ = {isa = PBXFileReference; lastKnownFileType = image.png; path = Btn1.png; sourceTree = "<group>"; };
		F985BB751A0C162300FFAB23 /* Btn2.png */ = {isa = PBXFileReference; lastKnownFileType = image.png; path = Btn2.png; sourceTree = "<group>"; };
		F985BB771A0C162300FFAB23 /* background.jpg */ = {isa = PBXFileReference; lastKnownFileType = image.jpeg; path = background.jpg; sourceTree = "<group>"; };
		F985BB781A0C162300FFAB23 /* map.png */ = {isa = PBXFileReference; lastKnownFileType = image.png; path = map.png; sourceTree = "<group>"; };
		F985BB7A1A0C162300FFAB23 /* background.jpg */ = {isa = PBXFileReference; lastKnownFileType = image.jpeg; path = background.jpg; sourceTree = "<group>"; };
		F985BB7B1A0C162300FFAB23 /* desert.png */ = {isa = PBXFileReference; lastKnownFileType = image.png; path = desert.png; sourceTree = "<group>"; };
		F985BB7D1A0C162300FFAB23 /* background.jpg */ = {isa = PBXFileReference; lastKnownFileType = image.jpeg; path = background.jpg; sourceTree = "<group>"; };
		F985BB7E1A0C162300FFAB23 /* map.png */ = {isa = PBXFileReference; lastKnownFileType = image.png; path = map.png; sourceTree = "<group>"; };
		F985BB801A0C162300FFAB23 /* BazoukaDroite.psd */ = {isa = PBXFileReference; lastKnownFileType = file; path = BazoukaDroite.psd; sourceTree = "<group>"; };
		F985BB811A0C162300FFAB23 /* BazoukaGauche.psd */ = {isa = PBXFileReference; lastKnownFileType = file; path = BazoukaGauche.psd; sourceTree = "<group>"; };
		F985BB821A0C162300FFAB23 /* SpriteBazoukaDroite.psd */ = {isa = PBXFileReference; lastKnownFileType = file; path = SpriteBazoukaDroite.psd; sourceTree = "<group>"; };
		F985BB831A0C162300FFAB23 /* SpriteBazoukaGauche.psd */ = {isa = PBXFileReference; lastKnownFileType = file; path = SpriteBazoukaGauche.psd; sourceTree = "<group>"; };
		F985BB841A0C162300FFAB23 /* SpriteExplosion.psd */ = {isa = PBXFileReference; lastKnownFileType = file; path = SpriteExplosion.psd; sourceTree = "<group>"; };
		F985BB851A0C162300FFAB23 /* SpriteGrenade.psd */ = {isa = PBXFileReference; lastKnownFileType = file; path = SpriteGrenade.psd; sourceTree = "<group>"; };
		F985BB861A0C162300FFAB23 /* SpriteMine.psd */ = {isa = PBXFileReference; lastKnownFileType = file; path = SpriteMine.psd; sourceTree = "<group>"; };
		F985BB871A0C162300FFAB23 /* SpritesSource.psd */ = {isa = PBXFileReference; lastKnownFileType = file; path = SpritesSource.psd; sourceTree = "<group>"; };
		F985BB891A0C162300FFAB23 /* DomvsDiego.txt */ = {isa = PBXFileReference; fileEncoding = 4; lastKnownFileType = text; path = DomvsDiego.txt; sourceTree = "<group>"; };
		F985BB8A1A0C162300FFAB23 /* EncaisseDepuisGaucheWormGIMP.png */ = {isa = PBXFileReference; lastKnownFileType = image.png; path = EncaisseDepuisGaucheWormGIMP.png; sourceTree = "<group>"; };
		F985BB8B1A0C162300FFAB23 /* EncaisseDepuisGaucheWormGIMP.xcf */ = {isa = PBXFileReference; lastKnownFileType = file; path = EncaisseDepuisGaucheWormGIMP.xcf; sourceTree = "<group>"; };
		F985BB8C1A0C162300FFAB23 /* MeleeWormGIMP.xcf */ = {isa = PBXFileReference; lastKnownFileType = file; path = MeleeWormGIMP.xcf; sourceTree = "<group>"; };
		F985BB8D1A0C162300FFAB23 /* MeleeWormVersGaucheGIMP.png */ = {isa = PBXFileReference; lastKnownFileType = image.png; path = MeleeWormVersGaucheGIMP.png; sourceTree = "<group>"; };
		F985BB8E1A0C162300FFAB23 /* MortWormGIMP.png */ = {isa = PBXFileReference; lastKnownFileType = image.png; path = MortWormGIMP.png; sourceTree = "<group>"; };
		F985BB8F1A0C162300FFAB23 /* MortWormGIMP.xcf */ = {isa = PBXFileReference; lastKnownFileType = file; path = MortWormGIMP.xcf; sourceTree = "<group>"; };
		F985BB901A0C162300FFAB23 /* SpritesSource.png */ = {isa = PBXFileReference; lastKnownFileType = image.png; path = SpritesSource.png; sourceTree = "<group>"; };
		F985BB911A0C162300FFAB23 /* SpritesSource.xcf */ = {isa = PBXFileReference; lastKnownFileType = file; path = SpritesSource.xcf; sourceTree = "<group>"; };
		F985BB921A0C162300FFAB23 /* TemplateWormGIMP.xcf */ = {isa = PBXFileReference; lastKnownFileType = file; path = TemplateWormGIMP.xcf; sourceTree = "<group>"; };
		F985BB931A0C162300FFAB23 /* WormImmobile.png */ = {isa = PBXFileReference; lastKnownFileType = image.png; path = WormImmobile.png; sourceTree = "<group>"; };
		F985BB941A0C162300FFAB23 /* WormPaniqueVersDroite.png */ = {isa = PBXFileReference; lastKnownFileType = image.png; path = WormPaniqueVersDroite.png; sourceTree = "<group>"; };
		F985BB951A0C162300FFAB23 /* WormPaniqueVersDroite.xcf */ = {isa = PBXFileReference; lastKnownFileType = file; path = WormPaniqueVersDroite.xcf; sourceTree = "<group>"; };
		F9F404731A000D4B0020554C /* CButton.h */ = {isa = PBXFileReference; fileEncoding = 4; lastKnownFileType = sourcecode.c.h; name = CButton.h; path = TP_Codename_WORMS/CButton.h; sourceTree = SOURCE_ROOT; };
		F9F404741A000D4B0020554C /* CLabel.h */ = {isa = PBXFileReference; fileEncoding = 4; lastKnownFileType = sourcecode.c.h; name = CLabel.h; path = TP_Codename_WORMS/CLabel.h; sourceTree = SOURCE_ROOT; };
		F9F404751A000D4B0020554C /* CListeDC.h */ = {isa = PBXFileReference; fileEncoding = 4; lastKnownFileType = sourcecode.c.h; name = CListeDC.h; path = TP_Codename_WORMS/CListeDC.h; sourceTree = SOURCE_ROOT; };
		F9F404761A000D4B0020554C /* CMenu.h */ = {isa = PBXFileReference; fileEncoding = 4; lastKnownFileType = sourcecode.c.h; name = CMenu.h; path = TP_Codename_WORMS/CMenu.h; sourceTree = SOURCE_ROOT; };
		F9F404781A000F560020554C /* CTextBox.h */ = {isa = PBXFileReference; fileEncoding = 4; lastKnownFileType = sourcecode.c.h; name = CTextBox.h; path = TP_Codename_WORMS/CTextBox.h; sourceTree = SOURCE_ROOT; };
		F9FA55FC19FFFFEC004CFAC6 /* CRessource.h */ = {isa = PBXFileReference; fileEncoding = 4; lastKnownFileType = sourcecode.c.h; name = CRessource.h; path = TP_Codename_WORMS/CRessource.h; sourceTree = SOURCE_ROOT; };
		F9FB50411A0920B800E0FD34 /* CGestionnaireRessources.h */ = {isa = PBXFileReference; fileEncoding = 4; lastKnownFileType = sourcecode.c.h; name = CGestionnaireRessources.h; path = TP_Codename_WORMS/CGestionnaireRessources.h; sourceTree = SOURCE_ROOT; };
/* End PBXFileReference section */

/* Begin PBXFrameworksBuildPhase section */
		CB81A5C319FF1E6800935BA4 /* Frameworks */ = {
			isa = PBXFrameworksBuildPhase;
			buildActionMask = 2147483647;
			files = (
				CBECA7DB1A004E360030E776 /* SDL2_image.framework in Frameworks */,
				CBECA7DC1A004E360030E776 /* SDL2_mixer.framework in Frameworks */,
				F97DCB4519FFBEC7006F17CF /* SDL2_image.framework in Frameworks */,
				F97DCB4619FFBEC7006F17CF /* SDL2_mixer.framework in Frameworks */,
				F97DCB4719FFBEC7006F17CF /* SDL2_ttf.framework in Frameworks */,
				F97DCB4819FFBEC7006F17CF /* SDL2.framework in Frameworks */,
			);
			runOnlyForDeploymentPostprocessing = 0;
		};
/* End PBXFrameworksBuildPhase section */

/* Begin PBXGroup section */
		CB81A5BD19FF1E6800935BA4 = {
			isa = PBXGroup;
			children = (
				F985BB6F1A0C162300FFAB23 /* Ressources */,
				CBECA7D91A004E360030E776 /* SDL2_image.framework */,
				F97DCB4119FFBEC7006F17CF /* SDL2_image.framework */,
				CBECA7DA1A004E360030E776 /* SDL2_mixer.framework */,
				F97DCB4219FFBEC7006F17CF /* SDL2_mixer.framework */,
				F97DCB4319FFBEC7006F17CF /* SDL2_ttf.framework */,
				F97DCB4419FFBEC7006F17CF /* SDL2.framework */,
				CB81A5C819FF1E6800935BA4 /* TP_Codename_WORMS_Mac */,
				CB81A5C719FF1E6800935BA4 /* Products */,
			);
			sourceTree = "<group>";
		};
		CB81A5C719FF1E6800935BA4 /* Products */ = {
			isa = PBXGroup;
			children = (
				CB81A5C619FF1E6800935BA4 /* TP_Codename_WORMS_Mac */,
			);
			name = Products;
			sourceTree = "<group>";
		};
		CB81A5C819FF1E6800935BA4 /* TP_Codename_WORMS_Mac */ = {
			isa = PBXGroup;
			children = (
				F9455D501A1072D60036C9AC /* CSlideShow.h */,
				F985BB461A0C045900FFAB23 /* CSurface.h */,
				F985BB471A0C045900FFAB23 /* CTexture.h */,
				F985BB411A0BFB3600FFAB23 /* CFont.h */,
				F985BB421A0BFB3600FFAB23 /* ClabelImage.h */,
				F985BB431A0BFB3600FFAB23 /* CMusic.h */,
				F985BB441A0BFB3600FFAB23 /* CSprite.h */,
				F9FB50411A0920B800E0FD34 /* CGestionnaireRessources.h */,
				F9F404781A000F560020554C /* CTextBox.h */,
				F9F404731A000D4B0020554C /* CButton.h */,
				F9F404741A000D4B0020554C /* CLabel.h */,
				F9F404751A000D4B0020554C /* CListeDC.h */,
				F9F404761A000D4B0020554C /* CMenu.h */,
				CB81A5E019FF230600935BA4 /* CWindow.h */,
				CB81A5DF19FF230600935BA4 /* CTimer.h */,
				F9FA55FC19FFFFEC004CFAC6 /* CRessource.h */,
				F96CFAEA1A0001EB00A114A9 /* CGUIE.h */,
				F985BB451A0BFB3600FFAB23 /* CWorms.h */,
				CB81A5D219FF1EFF00935BA4 /* main.cpp */,
			);
			path = TP_Codename_WORMS_Mac;
			sourceTree = "<group>";
		};
		F985BB6F1A0C162300FFAB23 /* Ressources */ = {
			isa = PBXGroup;
			children = (
				F985BB701A0C162300FFAB23 /* arcaderoom */,
				F985BB731A0C162300FFAB23 /* Archeologicaps.ttf */,
				F985BB741A0C162300FFAB23 /* Btn1.png */,
				F985BB751A0C162300FFAB23 /* Btn2.png */,
				F985BB761A0C162300FFAB23 /* country */,
				F985BB791A0C162300FFAB23 /* desert */,
				F985BB7C1A0C162300FFAB23 /* farm */,
				F985BB7F1A0C162300FFAB23 /* SpriteaJessyCombat */,
				F985BB881A0C162300FFAB23 /* Sprites de Worms */,
			);
			name = Ressources;
			path = ../Ressources;
			sourceTree = "<group>";
		};
		F985BB701A0C162300FFAB23 /* arcaderoom */ = {
			isa = PBXGroup;
			children = (
				F985BB711A0C162300FFAB23 /* background.jpg */,
				F985BB721A0C162300FFAB23 /* map.png */,
			);
			path = arcaderoom;
			sourceTree = "<group>";
		};
		F985BB761A0C162300FFAB23 /* country */ = {
			isa = PBXGroup;
			children = (
				F985BB771A0C162300FFAB23 /* background.jpg */,
				F985BB781A0C162300FFAB23 /* map.png */,
			);
			path = country;
			sourceTree = "<group>";
		};
		F985BB791A0C162300FFAB23 /* desert */ = {
			isa = PBXGroup;
			children = (
				F985BB7A1A0C162300FFAB23 /* background.jpg */,
				F985BB7B1A0C162300FFAB23 /* desert.png */,
			);
			path = desert;
			sourceTree = "<group>";
		};
		F985BB7C1A0C162300FFAB23 /* farm */ = {
			isa = PBXGroup;
			children = (
				F985BB7D1A0C162300FFAB23 /* background.jpg */,
				F985BB7E1A0C162300FFAB23 /* map.png */,
			);
			path = farm;
			sourceTree = "<group>";
		};
		F985BB7F1A0C162300FFAB23 /* SpriteaJessyCombat */ = {
			isa = PBXGroup;
			children = (
				F985BB801A0C162300FFAB23 /* BazoukaDroite.psd */,
				F985BB811A0C162300FFAB23 /* BazoukaGauche.psd */,
				F985BB821A0C162300FFAB23 /* SpriteBazoukaDroite.psd */,
				F985BB831A0C162300FFAB23 /* SpriteBazoukaGauche.psd */,
				F985BB841A0C162300FFAB23 /* SpriteExplosion.psd */,
				F985BB851A0C162300FFAB23 /* SpriteGrenade.psd */,
				F985BB861A0C162300FFAB23 /* SpriteMine.psd */,
				F985BB871A0C162300FFAB23 /* SpritesSource.psd */,
			);
			path = SpriteaJessyCombat;
			sourceTree = "<group>";
		};
		F985BB881A0C162300FFAB23 /* Sprites de Worms */ = {
			isa = PBXGroup;
			children = (
				F985BB891A0C162300FFAB23 /* DomvsDiego.txt */,
				F985BB8A1A0C162300FFAB23 /* EncaisseDepuisGaucheWormGIMP.png */,
				F985BB8B1A0C162300FFAB23 /* EncaisseDepuisGaucheWormGIMP.xcf */,
				F985BB8C1A0C162300FFAB23 /* MeleeWormGIMP.xcf */,
				F985BB8D1A0C162300FFAB23 /* MeleeWormVersGaucheGIMP.png */,
				F985BB8E1A0C162300FFAB23 /* MortWormGIMP.png */,
				F985BB8F1A0C162300FFAB23 /* MortWormGIMP.xcf */,
				F985BB901A0C162300FFAB23 /* SpritesSource.png */,
				F985BB911A0C162300FFAB23 /* SpritesSource.xcf */,
				F985BB921A0C162300FFAB23 /* TemplateWormGIMP.xcf */,
				F985BB931A0C162300FFAB23 /* WormImmobile.png */,
				F985BB941A0C162300FFAB23 /* WormPaniqueVersDroite.png */,
				F985BB951A0C162300FFAB23 /* WormPaniqueVersDroite.xcf */,
			);
			path = "Sprites de Worms";
			sourceTree = "<group>";
		};
/* End PBXGroup section */

/* Begin PBXNativeTarget section */
		CB81A5C519FF1E6800935BA4 /* TP_Codename_WORMS_Mac */ = {
			isa = PBXNativeTarget;
			buildConfigurationList = CB81A5CD19FF1E6800935BA4 /* Build configuration list for PBXNativeTarget "TP_Codename_WORMS_Mac" */;
			buildPhases = (
				CB81A5C219FF1E6800935BA4 /* Sources */,
				CB81A5C319FF1E6800935BA4 /* Frameworks */,
				CB81A5C419FF1E6800935BA4 /* Copy Files */,
			);
			buildRules = (
			);
			dependencies = (
			);
			name = TP_Codename_WORMS_Mac;
			productName = TP_Codename_WORMS_Mac;
			productReference = CB81A5C619FF1E6800935BA4 /* TP_Codename_WORMS_Mac */;
			productType = "com.apple.product-type.tool";
		};
/* End PBXNativeTarget section */

/* Begin PBXProject section */
		CB81A5BE19FF1E6800935BA4 /* Project object */ = {
			isa = PBXProject;
			attributes = {
				LastUpgradeCheck = 0610;
				ORGANIZATIONNAME = "Richer Archambault";
				TargetAttributes = {
					CB81A5C519FF1E6800935BA4 = {
						CreatedOnToolsVersion = 6.1;
					};
				};
			};
			buildConfigurationList = CB81A5C119FF1E6800935BA4 /* Build configuration list for PBXProject "TP_Codename_WORMS_Mac" */;
			compatibilityVersion = "Xcode 3.2";
			developmentRegion = English;
			hasScannedForEncodings = 0;
			knownRegions = (
				en,
			);
			mainGroup = CB81A5BD19FF1E6800935BA4;
			productRefGroup = CB81A5C719FF1E6800935BA4 /* Products */;
			projectDirPath = "";
			projectRoot = "";
			targets = (
				CB81A5C519FF1E6800935BA4 /* TP_Codename_WORMS_Mac */,
			);
		};
/* End PBXProject section */

/* Begin PBXSourcesBuildPhase section */
		CB81A5C219FF1E6800935BA4 /* Sources */ = {
			isa = PBXSourcesBuildPhase;
			buildActionMask = 2147483647;
			files = (
				CB81A5D319FF1EFF00935BA4 /* main.cpp in Sources */,
			);
			runOnlyForDeploymentPostprocessing = 0;
		};
/* End PBXSourcesBuildPhase section */

/* Begin XCBuildConfiguration section */
		CB81A5CB19FF1E6800935BA4 /* Debug */ = {
			isa = XCBuildConfiguration;
			buildSettings = {
				ALWAYS_SEARCH_USER_PATHS = NO;
				CLANG_CXX_LANGUAGE_STANDARD = "gnu++0x";
				CLANG_CXX_LIBRARY = "libc++";
				CLANG_ENABLE_MODULES = YES;
				CLANG_ENABLE_OBJC_ARC = YES;
				CLANG_WARN_BOOL_CONVERSION = YES;
				CLANG_WARN_CONSTANT_CONVERSION = YES;
				CLANG_WARN_DIRECT_OBJC_ISA_USAGE = YES_ERROR;
				CLANG_WARN_EMPTY_BODY = YES;
				CLANG_WARN_ENUM_CONVERSION = YES;
				CLANG_WARN_INT_CONVERSION = YES;
				CLANG_WARN_OBJC_ROOT_CLASS = YES_ERROR;
				CLANG_WARN_UNREACHABLE_CODE = YES;
				CLANG_WARN__DUPLICATE_METHOD_MATCH = YES;
				COPY_PHASE_STRIP = NO;
				ENABLE_STRICT_OBJC_MSGSEND = YES;
				GCC_C_LANGUAGE_STANDARD = gnu99;
				GCC_DYNAMIC_NO_PIC = NO;
				GCC_OPTIMIZATION_LEVEL = 0;
				GCC_PREPROCESSOR_DEFINITIONS = (
					"DEBUG=1",
					"$(inherited)",
				);
				GCC_SYMBOLS_PRIVATE_EXTERN = NO;
				GCC_WARN_64_TO_32_BIT_CONVERSION = YES;
				GCC_WARN_ABOUT_RETURN_TYPE = YES_ERROR;
				GCC_WARN_UNDECLARED_SELECTOR = YES;
				GCC_WARN_UNINITIALIZED_AUTOS = YES_AGGRESSIVE;
				GCC_WARN_UNUSED_FUNCTION = YES;
				GCC_WARN_UNUSED_VARIABLE = YES;
				MACOSX_DEPLOYMENT_TARGET = 10.10;
				MTL_ENABLE_DEBUG_INFO = YES;
				ONLY_ACTIVE_ARCH = YES;
				SDKROOT = macosx;
			};
			name = Debug;
		};
		CB81A5CC19FF1E6800935BA4 /* Release */ = {
			isa = XCBuildConfiguration;
			buildSettings = {
				ALWAYS_SEARCH_USER_PATHS = NO;
				CLANG_CXX_LANGUAGE_STANDARD = "gnu++0x";
				CLANG_CXX_LIBRARY = "libc++";
				CLANG_ENABLE_MODULES = YES;
				CLANG_ENABLE_OBJC_ARC = YES;
				CLANG_WARN_BOOL_CONVERSION = YES;
				CLANG_WARN_CONSTANT_CONVERSION = YES;
				CLANG_WARN_DIRECT_OBJC_ISA_USAGE = YES_ERROR;
				CLANG_WARN_EMPTY_BODY = YES;
				CLANG_WARN_ENUM_CONVERSION = YES;
				CLANG_WARN_INT_CONVERSION = YES;
				CLANG_WARN_OBJC_ROOT_CLASS = YES_ERROR;
				CLANG_WARN_UNREACHABLE_CODE = YES;
				CLANG_WARN__DUPLICATE_METHOD_MATCH = YES;
				COPY_PHASE_STRIP = YES;
				DEBUG_INFORMATION_FORMAT = "dwarf-with-dsym";
				ENABLE_NS_ASSERTIONS = NO;
				ENABLE_STRICT_OBJC_MSGSEND = YES;
				GCC_C_LANGUAGE_STANDARD = gnu99;
				GCC_WARN_64_TO_32_BIT_CONVERSION = YES;
				GCC_WARN_ABOUT_RETURN_TYPE = YES_ERROR;
				GCC_WARN_UNDECLARED_SELECTOR = YES;
				GCC_WARN_UNINITIALIZED_AUTOS = YES_AGGRESSIVE;
				GCC_WARN_UNUSED_FUNCTION = YES;
				GCC_WARN_UNUSED_VARIABLE = YES;
				MACOSX_DEPLOYMENT_TARGET = 10.10;
				MTL_ENABLE_DEBUG_INFO = NO;
				SDKROOT = macosx;
			};
			name = Release;
		};
		CB81A5CE19FF1E6800935BA4 /* Debug */ = {
			isa = XCBuildConfiguration;
			buildSettings = {
				FRAMEWORK_SEARCH_PATHS = (
					"$(inherited)",
					"$(USER_LIBRARY_DIR)/Frameworks",
					"$(LOCAL_LIBRARY_DIR)/Frameworks",
				);
				PRODUCT_NAME = "$(TARGET_NAME)";
			};
			name = Debug;
		};
		CB81A5CF19FF1E6800935BA4 /* Release */ = {
			isa = XCBuildConfiguration;
			buildSettings = {
				FRAMEWORK_SEARCH_PATHS = (
					"$(inherited)",
					"$(USER_LIBRARY_DIR)/Frameworks",
					"$(LOCAL_LIBRARY_DIR)/Frameworks",
				);
				PRODUCT_NAME = "$(TARGET_NAME)";
			};
			name = Release;
		};
/* End XCBuildConfiguration section */

/* Begin XCConfigurationList section */
		CB81A5C119FF1E6800935BA4 /* Build configuration list for PBXProject "TP_Codename_WORMS_Mac" */ = {
			isa = XCConfigurationList;
			buildConfigurations = (
				CB81A5CB19FF1E6800935BA4 /* Debug */,
				CB81A5CC19FF1E6800935BA4 /* Release */,
			);
			defaultConfigurationIsVisible = 0;
			defaultConfigurationName = Release;
		};
		CB81A5CD19FF1E6800935BA4 /* Build configuration list for PBXNativeTarget "TP_Codename_WORMS_Mac" */ = {
			isa = XCConfigurationList;
			buildConfigurations = (
				CB81A5CE19FF1E6800935BA4 /* Debug */,
				CB81A5CF19FF1E6800935BA4 /* Release */,
			);
			defaultConfigurationIsVisible = 0;
			defaultConfigurationName = Release;
		};
/* End XCConfigurationList section */
	};
	rootObject = CB81A5BE19FF1E6800935BA4 /* Project object */;
}
